// !$*UTF8*$!
{
	archiveVersion = 1;
	classes = {
	};
	objectVersion = 50;
	objects = {

/* Begin PBXBuildFile section */
		4B06CCEC24349A0600D2096F /* AppDelegate.swift in Sources */ = {isa = PBXBuildFile; fileRef = 4B06CCEB24349A0600D2096F /* AppDelegate.swift */; };
		4B06CCEE24349A0600D2096F /* SceneDelegate.swift in Sources */ = {isa = PBXBuildFile; fileRef = 4B06CCED24349A0600D2096F /* SceneDelegate.swift */; };
		4B06CCF024349A0600D2096F /* ViewControllerMal.swift in Sources */ = {isa = PBXBuildFile; fileRef = 4B06CCEF24349A0600D2096F /* ViewControllerMal.swift */; };
		4B06CCF324349A0600D2096F /* Main.storyboard in Resources */ = {isa = PBXBuildFile; fileRef = 4B06CCF124349A0600D2096F /* Main.storyboard */; };
		4B06CCF524349A0A00D2096F /* Assets.xcassets in Resources */ = {isa = PBXBuildFile; fileRef = 4B06CCF424349A0A00D2096F /* Assets.xcassets */; };
		4B06CCF824349A0A00D2096F /* LaunchScreen.storyboard in Resources */ = {isa = PBXBuildFile; fileRef = 4B06CCF624349A0A00D2096F /* LaunchScreen.storyboard */; };
		4B06CD0024349ACD00D2096F /* ViewControllerBien.swift in Sources */ = {isa = PBXBuildFile; fileRef = 4B06CCFF24349ACD00D2096F /* ViewControllerBien.swift */; };
/* End PBXBuildFile section */

/* Begin PBXFileReference section */
		4B06CCE824349A0600D2096F /* BarraDeProgreso.app */ = {isa = PBXFileReference; explicitFileType = wrapper.application; includeInIndex = 0; path = BarraDeProgreso.app; sourceTree = BUILT_PRODUCTS_DIR; };
		4B06CCEB24349A0600D2096F /* AppDelegate.swift */ = {isa = PBXFileReference; lastKnownFileType = sourcecode.swift; path = AppDelegate.swift; sourceTree = "<group>"; };
		4B06CCED24349A0600D2096F /* SceneDelegate.swift */ = {isa = PBXFileReference; lastKnownFileType = sourcecode.swift; path = SceneDelegate.swift; sourceTree = "<group>"; };
		4B06CCEF24349A0600D2096F /* ViewControllerMal.swift */ = {isa = PBXFileReference; lastKnownFileType = sourcecode.swift; path = ViewControllerMal.swift; sourceTree = "<group>"; };
		4B06CCF224349A0600D2096F /* Base */ = {isa = PBXFileReference; lastKnownFileType = file.storyboard; name = Base; path = Base.lproj/Main.storyboard; sourceTree = "<group>"; };
		4B06CCF424349A0A00D2096F /* Assets.xcassets */ = {isa = PBXFileReference; lastKnownFileType = folder.assetcatalog; path = Assets.xcassets; sourceTree = "<group>"; };
		4B06CCF724349A0A00D2096F /* Base */ = {isa = PBXFileReference; lastKnownFileType = file.storyboard; name = Base; path = Base.lproj/LaunchScreen.storyboard; sourceTree = "<group>"; };
		4B06CCF924349A0A00D2096F /* Info.plist */ = {isa = PBXFileReference; lastKnownFileType = text.plist.xml; path = Info.plist; sourceTree = "<group>"; };
		4B06CCFF24349ACD00D2096F /* ViewControllerBien.swift */ = {isa = PBXFileReference; fileEncoding = 4; lastKnownFileType = sourcecode.swift; path = ViewControllerBien.swift; sourceTree = "<group>"; };
/* End PBXFileReference section */

/* Begin PBXFrameworksBuildPhase section */
		4B06CCE524349A0600D2096F /* Frameworks */ = {
			isa = PBXFrameworksBuildPhase;
			buildActionMask = 2147483647;
			files = (
			);
			runOnlyForDeploymentPostprocessing = 0;
		};
/* End PBXFrameworksBuildPhase section */

/* Begin PBXGroup section */
		4B06CCDF24349A0600D2096F = {
			isa = PBXGroup;
			children = (
				4B06CCEA24349A0600D2096F /* BarraDeProgreso */,
				4B06CCE924349A0600D2096F /* Products */,
			);
			sourceTree = "<group>";
		};
		4B06CCE924349A0600D2096F /* Products */ = {
			isa = PBXGroup;
			children = (
				4B06CCE824349A0600D2096F /* BarraDeProgreso.app */,
			);
			name = Products;
			sourceTree = "<group>";
		};
		4B06CCEA24349A0600D2096F /* BarraDeProgreso */ = {
			isa = PBXGroup;
			children = (
				4B06CCEB24349A0600D2096F /* AppDelegate.swift */,
				4B06CCED24349A0600D2096F /* SceneDelegate.swift */,
				4B06CCEF24349A0600D2096F /* ViewControllerMal.swift */,
				4B06CCFF24349ACD00D2096F /* ViewControllerBien.swift */,
				4B06CCF124349A0600D2096F /* Main.storyboard */,
				4B06CCF424349A0A00D2096F /* Assets.xcassets */,
				4B06CCF624349A0A00D2096F /* LaunchScreen.storyboard */,
				4B06CCF924349A0A00D2096F /* Info.plist */,
			);
			path = BarraDeProgreso;
			sourceTree = "<group>";
		};
/* End PBXGroup section */

/* Begin PBXNativeTarget section */
		4B06CCE724349A0600D2096F /* BarraDeProgreso */ = {
			isa = PBXNativeTarget;
			buildConfigurationList = 4B06CCFC24349A0A00D2096F /* Build configuration list for PBXNativeTarget "BarraDeProgreso" */;
			buildPhases = (
				4B06CCE424349A0600D2096F /* Sources */,
				4B06CCE524349A0600D2096F /* Frameworks */,
				4B06CCE624349A0600D2096F /* Resources */,
			);
			buildRules = (
			);
			dependencies = (
			);
			name = BarraDeProgreso;
			productName = BarraDeProgreso;
			productReference = 4B06CCE824349A0600D2096F /* BarraDeProgreso.app */;
			productType = "com.apple.product-type.application";
		};
/* End PBXNativeTarget section */

/* Begin PBXProject section */
		4B06CCE024349A0600D2096F /* Project object */ = {
			isa = PBXProject;
			attributes = {
				LastSwiftUpdateCheck = 1140;
				LastUpgradeCheck = 1140;
				ORGANIZATIONNAME = "Julio César Fernández Muñoz";
				TargetAttributes = {
					4B06CCE724349A0600D2096F = {
						CreatedOnToolsVersion = 11.4;
					};
				};
			};
			buildConfigurationList = 4B06CCE324349A0600D2096F /* Build configuration list for PBXProject "BarraDeProgreso" */;
			compatibilityVersion = "Xcode 9.3";
			developmentRegion = en;
			hasScannedForEncodings = 0;
			knownRegions = (
				en,
				Base,
			);
			mainGroup = 4B06CCDF24349A0600D2096F;
			productRefGroup = 4B06CCE924349A0600D2096F /* Products */;
			projectDirPath = "";
			projectRoot = "";
			targets = (
				4B06CCE724349A0600D2096F /* BarraDeProgreso */,
			);
		};
/* End PBXProject section */

/* Begin PBXResourcesBuildPhase section */
		4B06CCE624349A0600D2096F /* Resources */ = {
			isa = PBXResourcesBuildPhase;
			buildActionMask = 2147483647;
			files = (
				4B06CCF824349A0A00D2096F /* LaunchScreen.storyboard in Resources */,
				4B06CCF524349A0A00D2096F /* Assets.xcassets in Resources */,
				4B06CCF324349A0600D2096F /* Main.storyboard in Resources */,
			);
			runOnlyForDeploymentPostprocessing = 0;
		};
/* End PBXResourcesBuildPhase section */

/* Begin PBXSourcesBuildPhase section */
		4B06CCE424349A0600D2096F /* Sources */ = {
			isa = PBXSourcesBuildPhase;
			buildActionMask = 2147483647;
			files = (
				4B06CD0024349ACD00D2096F /* ViewControllerBien.swift in Sources */,
				4B06CCF024349A0600D2096F /* ViewControllerMal.swift in Sources */,
				4B06CCEC24349A0600D2096F /* AppDelegate.swift in Sources */,
				4B06CCEE24349A0600D2096F /* SceneDelegate.swift in Sources */,
			);
			runOnlyForDeploymentPostprocessing = 0;
		};
/* End PBXSourcesBuildPhase section */

/* Begin PBXVariantGroup section */
		4B06CCF124349A0600D2096F /* Main.storyboard */ = {
			isa = PBXVariantGroup;
			children = (
				4B06CCF224349A0600D2096F /* Base */,
			);
			name = Main.storyboard;
			sourceTree = "<group>";
		};
		4B06CCF624349A0A00D2096F /* LaunchScreen.storyboard */ = {
			isa = PBXVariantGroup;
			children = (
				4B06CCF724349A0A00D2096F /* Base */,
			);
			name = LaunchScreen.storyboard;
			sourceTree = "<group>";
		};
/* End PBXVariantGroup section */

/* Begin XCBuildConfiguration section */
		4B06CCFA24349A0A00D2096F /* Debug */ = {
			isa = XCBuildConfiguration;
			buildSettings = {
				ALWAYS_SEARCH_USER_PATHS = NO;
				CLANG_ANALYZER_NONNULL = YES;
				CLANG_ANALYZER_NUMBER_OBJECT_CONVERSION = YES_AGGRESSIVE;
				CLANG_CXX_LANGUAGE_STANDARD = "gnu++14";
				CLANG_CXX_LIBRARY = "libc++";
				CLANG_ENABLE_MODULES = YES;
				CLANG_ENABLE_OBJC_ARC = YES;
				CLANG_ENABLE_OBJC_WEAK = YES;
				CLANG_WARN_BLOCK_CAPTURE_AUTORELEASING = YES;
				CLANG_WARN_BOOL_CONVERSION = YES;
				CLANG_WARN_COMMA = YES;
				CLANG_WARN_CONSTANT_CONVERSION = YES;
				CLANG_WARN_DEPRECATED_OBJC_IMPLEMENTATIONS = YES;
				CLANG_WARN_DIRECT_OBJC_ISA_USAGE = YES_ERROR;
				CLANG_WARN_DOCUMENTATION_COMMENTS = YES;
				CLANG_WARN_EMPTY_BODY = YES;
				CLANG_WARN_ENUM_CONVERSION = YES;
				CLANG_WARN_INFINITE_RECURSION = YES;
				CLANG_WARN_INT_CONVERSION = YES;
				CLANG_WARN_NON_LITERAL_NULL_CONVERSION = YES;
				CLANG_WARN_OBJC_IMPLICIT_RETAIN_SELF = YES;
				CLANG_WARN_OBJC_LITERAL_CONVERSION = YES;
				CLANG_WARN_OBJC_ROOT_CLASS = YES_ERROR;
				CLANG_WARN_RANGE_LOOP_ANALYSIS = YES;
				CLANG_WARN_STRICT_PROTOTYPES = YES;
				CLANG_WARN_SUSPICIOUS_MOVE = YES;
				CLANG_WARN_UNGUARDED_AVAILABILITY = YES_AGGRESSIVE;
				CLANG_WARN_UNREACHABLE_CODE = YES;
				CLANG_WARN__DUPLICATE_METHOD_MATCH = YES;
				COPY_PHASE_STRIP = NO;
				DEBUG_INFORMATION_FORMAT = dwarf;
				ENABLE_STRICT_OBJC_MSGSEND = YES;
				ENABLE_TESTABILITY = YES;
				GCC_C_LANGUAGE_STANDARD = gnu11;
				GCC_DYNAMIC_NO_PIC = NO;
				GCC_NO_COMMON_BLOCKS = YES;
				GCC_OPTIMIZATION_LEVEL = 0;
				GCC_PREPROCESSOR_DEFINITIONS = (
					"DEBUG=1",
					"$(inherited)",
				);
				GCC_WARN_64_TO_32_BIT_CONVERSION = YES;
				GCC_WARN_ABOUT_RETURN_TYPE = YES_ERROR;
				GCC_WARN_UNDECLARED_SELECTOR = YES;
				GCC_WARN_UNINITIALIZED_AUTOS = YES_AGGRESSIVE;
				GCC_WARN_UNUSED_FUNCTION = YES;
				GCC_WARN_UNUSED_VARIABLE = YES;
				IPHONEOS_DEPLOYMENT_TARGET = 13.4;
				MTL_ENABLE_DEBUG_INFO = INCLUDE_SOURCE;
				MTL_FAST_MATH = YES;
				ONLY_ACTIVE_ARCH = YES;
				SDKROOT = iphoneos;
				SWIFT_ACTIVE_COMPILATION_CONDITIONS = DEBUG;
				SWIFT_OPTIMIZATION_LEVEL = "-Onone";
			};
			name = Debug;
		};
		4B06CCFB24349A0A00D2096F /* Release */ = {
			isa = XCBuildConfiguration;
			buildSettings = {
				ALWAYS_SEARCH_USER_PATHS = NO;
				CLANG_ANALYZER_NONNULL = YES;
				CLANG_ANALYZER_NUMBER_OBJECT_CONVERSION = YES_AGGRESSIVE;
				CLANG_CXX_LANGUAGE_STANDARD = "gnu++14";
				CLANG_CXX_LIBRARY = "libc++";
				CLANG_ENABLE_MODULES = YES;
				CLANG_ENABLE_OBJC_ARC = YES;
				CLANG_ENABLE_OBJC_WEAK = YES;
				CLANG_WARN_BLOCK_CAPTURE_AUTORELEASING = YES;
				CLANG_WARN_BOOL_CONVERSION = YES;
				CLANG_WARN_COMMA = YES;
				CLANG_WARN_CONSTANT_CONVERSION = YES;
				CLANG_WARN_DEPRECATED_OBJC_IMPLEMENTATIONS = YES;
				CLANG_WARN_DIRECT_OBJC_ISA_USAGE = YES_ERROR;
				CLANG_WARN_DOCUMENTATION_COMMENTS = YES;
				CLANG_WARN_EMPTY_BODY = YES;
				CLANG_WARN_ENUM_CONVERSION = YES;
				CLANG_WARN_INFINITE_RECURSION = YES;
				CLANG_WARN_INT_CONVERSION = YES;
				CLANG_WARN_NON_LITERAL_NULL_CONVERSION = YES;
				CLANG_WARN_OBJC_IMPLICIT_RETAIN_SELF = YES;
				CLANG_WARN_OBJC_LITERAL_CONVERSION = YES;
				CLANG_WARN_OBJC_ROOT_CLASS = YES_ERROR;
				CLANG_WARN_RANGE_LOOP_ANALYSIS = YES;
				CLANG_WARN_STRICT_PROTOTYPES = YES;
				CLANG_WARN_SUSPICIOUS_MOVE = YES;
				CLANG_WARN_UNGUARDED_AVAILABILITY = YES_AGGRESSIVE;
				CLANG_WARN_UNREACHABLE_CODE = YES;
				CLANG_WARN__DUPLICATE_METHOD_MATCH = YES;
				COPY_PHASE_STRIP = NO;
				DEBUG_INFORMATION_FORMAT = "dwarf-with-dsym";
				ENABLE_NS_ASSERTIONS = NO;
				ENABLE_STRICT_OBJC_MSGSEND = YES;
				GCC_C_LANGUAGE_STANDARD = gnu11;
				GCC_NO_COMMON_BLOCKS = YES;
				GCC_WARN_64_TO_32_BIT_CONVERSION = YES;
				GCC_WARN_ABOUT_RETURN_TYPE = YES_ERROR;
				GCC_WARN_UNDECLARED_SELECTOR = YES;
				GCC_WARN_UNINITIALIZED_AUTOS = YES_AGGRESSIVE;
				GCC_WARN_UNUSED_FUNCTION = YES;
				GCC_WARN_UNUSED_VARIABLE = YES;
				IPHONEOS_DEPLOYMENT_TARGET = 13.4;
				MTL_ENABLE_DEBUG_INFO = NO;
				MTL_FAST_MATH = YES;
				SDKROOT = iphoneos;
				SWIFT_COMPILATION_MODE = wholemodule;
				SWIFT_OPTIMIZATION_LEVEL = "-O";
				VALIDATE_PRODUCT = YES;
			};
			name = Release;
		};
		4B06CCFD24349A0A00D2096F /* Debug */ = {
			isa = XCBuildConfiguration;
			buildSettings = {
				ASSETCATALOG_COMPILER_APPICON_NAME = AppIcon;
				CODE_SIGN_STYLE = Automatic;
				DEVELOPMENT_TEAM = 576T2M2BDH;
				INFOPLIST_FILE = BarraDeProgreso/Info.plist;
				LD_RUNPATH_SEARCH_PATHS = (
					"$(inherited)",
					"@executable_path/Frameworks",
				);
				PRODUCT_BUNDLE_IDENTIFIER = com.gabhelstudios.BarraDeProgreso;
				PRODUCT_NAME = "$(TARGET_NAME)";
				SWIFT_VERSION = 5.0;
				TARGETED_DEVICE_FAMILY = "1,2";
			};
			name = Debug;
		};
		4B06CCFE24349A0A00D2096F /* Release */ = {
			isa = XCBuildConfiguration;
			buildSettings = {
				ASSETCATALOG_COMPILER_APPICON_NAME = AppIcon;
				CODE_SIGN_STYLE = Automatic;
				DEVELOPMENT_TEAM = 576T2M2BDH;
				INFOPLIST_FILE = BarraDeProgreso/Info.plist;
				LD_RUNPATH_SEARCH_PATHS = (
					"$(inherited)",
					"@executable_path/Frameworks",
				);
				PRODUCT_BUNDLE_IDENTIFIER = com.gabhelstudios.BarraDeProgreso;
				PRODUCT_NAME = "$(TARGET_NAME)";
				SWIFT_VERSION = 5.0;
				TARGETED_DEVICE_FAMILY = "1,2";
			};
			name = Release;
		};
/* End XCBuildConfiguration section */

/* Begin XCConfigurationList section */
		4B06CCE324349A0600D2096F /* Build configuration list for PBXProject "BarraDeProgreso" */ = {
			isa = XCConfigurationList;
			buildConfigurations = (
				4B06CCFA24349A0A00D2096F /* Debug */,
				4B06CCFB24349A0A00D2096F /* Release */,
			);
			defaultConfigurationIsVisible = 0;
			defaultConfigurationName = Release;
		};
		4B06CCFC24349A0A00D2096F /* Build configuration list for PBXNativeTarget "BarraDeProgreso" */ = {
			isa = XCConfigurationList;
			buildConfigurations = (
				4B06CCFD24349A0A00D2096F /* Debug */,
				4B06CCFE24349A0A00D2096F /* Release */,
			);
			defaultConfigurationIsVisible = 0;
			defaultConfigurationName = Release;
		};
/* End XCConfigurationList section */
	};
	rootObject = 4B06CCE024349A0600D2096F /* Project object */;
}
